
Microsoft Visual Studio Solution File, Format Version 12.00
# Visual Studio 15
VisualStudioVersion = 15.0.28307.645
MinimumVisualStudioVersion = 10.0.40219.1
Project("{9A19103F-16F7-4668-BE54-9A1E7A4F7556}") = "AtaTennisApp", "AtaTennisApp\AtaTennisApp.csproj", "{3C72CD6B-82CF-486D-81EE-2A7F64A356E7}"
EndProject
Project("{FAE04EC0-301F-11D3-BF4B-00C04F79EFBC}") = "AtaTennisApp.BL", "AtaTennisApp.BL\AtaTennisApp.BL.csproj", "{C13AB79C-9318-44B0-B250-30AA6018DA67}"
EndProject
Project("{FAE04EC0-301F-11D3-BF4B-00C04F79EFBC}") = "AtaTennisApp.Data", "AtaTennisApp.Data\AtaTennisApp.Data.csproj", "{7B807CC0-C3FD-4F14-A0AA-2A8421EE8528}"
EndProject
Project("{FAE04EC0-301F-11D3-BF4B-00C04F79EFBC}") = "ConsoleTests", "ConsoleTests\ConsoleTests.csproj", "{991BF772-2808-4741-971B-EE406C8D4A0D}"
EndProject
Global
	GlobalSection(SolutionConfigurationPlatforms) = preSolution
		Debug|Any CPU = Debug|Any CPU
		Release|Any CPU = Release|Any CPU
	EndGlobalSection
	GlobalSection(ProjectConfigurationPlatforms) = postSolution
		{3C72CD6B-82CF-486D-81EE-2A7F64A356E7}.Debug|Any CPU.ActiveCfg = Debug|Any CPU
		{3C72CD6B-82CF-486D-81EE-2A7F64A356E7}.Debug|Any CPU.Build.0 = Debug|Any CPU
		{3C72CD6B-82CF-486D-81EE-2A7F64A356E7}.Release|Any CPU.ActiveCfg = Release|Any CPU
		{3C72CD6B-82CF-486D-81EE-2A7F64A356E7}.Release|Any CPU.Build.0 = Release|Any CPU
		{C13AB79C-9318-44B0-B250-30AA6018DA67}.Debug|Any CPU.ActiveCfg = Debug|Any CPU
		{C13AB79C-9318-44B0-B250-30AA6018DA67}.Debug|Any CPU.Build.0 = Debug|Any CPU
		{C13AB79C-9318-44B0-B250-30AA6018DA67}.Release|Any CPU.ActiveCfg = Release|Any CPU
		{C13AB79C-9318-44B0-B250-30AA6018DA67}.Release|Any CPU.Build.0 = Release|Any CPU
		{7B807CC0-C3FD-4F14-A0AA-2A8421EE8528}.Debug|Any CPU.ActiveCfg = Debug|Any CPU
		{7B807CC0-C3FD-4F14-A0AA-2A8421EE8528}.Debug|Any CPU.Build.0 = Debug|Any CPU
		{7B807CC0-C3FD-4F14-A0AA-2A8421EE8528}.Release|Any CPU.ActiveCfg = Release|Any CPU
		{7B807CC0-C3FD-4F14-A0AA-2A8421EE8528}.Release|Any CPU.Build.0 = Release|Any CPU
		{991BF772-2808-4741-971B-EE406C8D4A0D}.Debug|Any CPU.ActiveCfg = Debug|Any CPU
		{991BF772-2808-4741-971B-EE406C8D4A0D}.Debug|Any CPU.Build.0 = Debug|Any CPU
		{991BF772-2808-4741-971B-EE406C8D4A0D}.Release|Any CPU.ActiveCfg = Release|Any CPU
		{991BF772-2808-4741-971B-EE406C8D4A0D}.Release|Any CPU.Build.0 = Release|Any CPU
	EndGlobalSection
	GlobalSection(SolutionProperties) = preSolution
		HideSolutionNode = FALSE
	EndGlobalSection
	GlobalSection(ExtensibilityGlobals) = postSolution
		SolutionGuid = {C36865F9-77BF-4E49-8D4D-7ADAE3F1E058}
	EndGlobalSection
EndGlobal
